// !$*UTF8*$!
{
	archiveVersion = 1;
	classes = {
	};
	objectVersion = 56;
	objects = {

/* Begin PBXBuildFile section */
		7F0DBDC02C0701A400E4E8CF /* FavouriteView.swift in Sources */ = {isa = PBXBuildFile; fileRef = 7F0DBDBF2C0701A400E4E8CF /* FavouriteView.swift */; };
		7F0DBDC22C07040C00E4E8CF /* FavoutireViewModel.swift in Sources */ = {isa = PBXBuildFile; fileRef = 7F0DBDC12C07040C00E4E8CF /* FavoutireViewModel.swift */; };
		7F370F0D2C073D6400180ACC /* ExploreViewModel.swift in Sources */ = {isa = PBXBuildFile; fileRef = 7F370F0C2C073D6400180ACC /* ExploreViewModel.swift */; };
		7F370F0F2C073DCC00180ACC /* ExploreCategoryModel.swift in Sources */ = {isa = PBXBuildFile; fileRef = 7F370F0E2C073DCC00180ACC /* ExploreCategoryModel.swift */; };
		7F370F112C07400B00180ACC /* ExploreCategoryCell.swift in Sources */ = {isa = PBXBuildFile; fileRef = 7F370F102C07400B00180ACC /* ExploreCategoryCell.swift */; };
		7F370F132C07459900180ACC /* ExploreItemViewModel.swift in Sources */ = {isa = PBXBuildFile; fileRef = 7F370F122C07459900180ACC /* ExploreItemViewModel.swift */; };
		7F370F152C0746D500180ACC /* ExploreItemsView.swift in Sources */ = {isa = PBXBuildFile; fileRef = 7F370F142C0746D500180ACC /* ExploreItemsView.swift */; };
		7F43169A2BB9FAC200613C35 /* Gilroy-SemiBold.ttf in Resources */ = {isa = PBXBuildFile; fileRef = 7F4316962BB9FAC200613C35 /* Gilroy-SemiBold.ttf */; };
		7F43169B2BB9FAC200613C35 /* Gilroy-Regular.ttf in Resources */ = {isa = PBXBuildFile; fileRef = 7F4316972BB9FAC200613C35 /* Gilroy-Regular.ttf */; };
		7F43169C2BB9FAC200613C35 /* Gilroy-Bold.ttf in Resources */ = {isa = PBXBuildFile; fileRef = 7F4316982BB9FAC200613C35 /* Gilroy-Bold.ttf */; };
		7F43169D2BB9FAC200613C35 /* Gilroy-Medium.ttf in Resources */ = {isa = PBXBuildFile; fileRef = 7F4316992BB9FAC200613C35 /* Gilroy-Medium.ttf */; };
		7F4316A12BB9FB8900613C35 /* WelcomeView.swift in Sources */ = {isa = PBXBuildFile; fileRef = 7F4316A02BB9FB8900613C35 /* WelcomeView.swift */; };
		7F4316A52BB9FC2B00613C35 /* SignInView.swift in Sources */ = {isa = PBXBuildFile; fileRef = 7F4316A42BB9FC2B00613C35 /* SignInView.swift */; };
		7F4316A72BB9FC9000613C35 /* RoundBotton.swift in Sources */ = {isa = PBXBuildFile; fileRef = 7F4316A62BB9FC9000613C35 /* RoundBotton.swift */; };
		7F4316A92BB9FCD400613C35 /* UIExtension.swift in Sources */ = {isa = PBXBuildFile; fileRef = 7F4316A82BB9FCD400613C35 /* UIExtension.swift */; };
		7F4316AC2BB9FDC300613C35 /* CountryPickerUI.swift in Sources */ = {isa = PBXBuildFile; fileRef = 7F4316AB2BB9FDC300613C35 /* CountryPickerUI.swift */; };
		7F4316B02BBA059A00613C35 /* Launch Screen.storyboard in Resources */ = {isa = PBXBuildFile; fileRef = 7F4316AF2BBA059A00613C35 /* Launch Screen.storyboard */; };
		7F4316B22BBA0E8E00613C35 /* LoginView.swift in Sources */ = {isa = PBXBuildFile; fileRef = 7F4316B12BBA0E8E00613C35 /* LoginView.swift */; };
		7F4ACD4F2BB9FA1600F2D6A3 /* GroceriesAppApp.swift in Sources */ = {isa = PBXBuildFile; fileRef = 7F4ACD4E2BB9FA1600F2D6A3 /* GroceriesAppApp.swift */; };
		7F4ACD532BB9FA1700F2D6A3 /* Assets.xcassets in Resources */ = {isa = PBXBuildFile; fileRef = 7F4ACD522BB9FA1700F2D6A3 /* Assets.xcassets */; };
		7F4ACD562BB9FA1700F2D6A3 /* Preview Assets.xcassets in Resources */ = {isa = PBXBuildFile; fileRef = 7F4ACD552BB9FA1700F2D6A3 /* Preview Assets.xcassets */; };
		7F4ACD602BB9FA1700F2D6A3 /* GroceriesAppTests.swift in Sources */ = {isa = PBXBuildFile; fileRef = 7F4ACD5F2BB9FA1700F2D6A3 /* GroceriesAppTests.swift */; };
		7F4ACD6A2BB9FA1700F2D6A3 /* GroceriesAppUITests.swift in Sources */ = {isa = PBXBuildFile; fileRef = 7F4ACD692BB9FA1700F2D6A3 /* GroceriesAppUITests.swift */; };
		7F4ACD6C2BB9FA1700F2D6A3 /* GroceriesAppUITestsLaunchTests.swift in Sources */ = {isa = PBXBuildFile; fileRef = 7F4ACD6B2BB9FA1700F2D6A3 /* GroceriesAppUITestsLaunchTests.swift */; };
		7F6D61FF2C0F27BD004D7636 /* PaymentViewModel.swift in Sources */ = {isa = PBXBuildFile; fileRef = 7F6D61FE2C0F27BD004D7636 /* PaymentViewModel.swift */; };
		7F6D62012C0F27CF004D7636 /* PaymentModel.swift in Sources */ = {isa = PBXBuildFile; fileRef = 7F6D62002C0F27CF004D7636 /* PaymentModel.swift */; };
		7F6D62032C0F2B42004D7636 /* PaymentMethodsView.swift in Sources */ = {isa = PBXBuildFile; fileRef = 7F6D62022C0F2B42004D7636 /* PaymentMethodsView.swift */; };
		7F6D62052C0F3025004D7636 /* AddPaymentMethodView.swift in Sources */ = {isa = PBXBuildFile; fileRef = 7F6D62042C0F3025004D7636 /* AddPaymentMethodView.swift */; };
		7F6DEEEC2C06F92F0099E3DE /* CountryPicker in Frameworks */ = {isa = PBXBuildFile; productRef = 7F6DEEEB2C06F92F0099E3DE /* CountryPicker */; };
		7F7ABB252BDB9B1B00B18539 /* ServiceCall.swift in Sources */ = {isa = PBXBuildFile; fileRef = 7F7ABB242BDB9B1B00B18539 /* ServiceCall.swift */; };
		7F8F11912BF4C7850034A5F2 /* TabButton.swift in Sources */ = {isa = PBXBuildFile; fileRef = 7F8F11902BF4C7850034A5F2 /* TabButton.swift */; };
		7F8F11932BF4CFF90034A5F2 /* SearchTextField.swift in Sources */ = {isa = PBXBuildFile; fileRef = 7F8F11922BF4CFF90034A5F2 /* SearchTextField.swift */; };
		7F8F11952BF4D9F50034A5F2 /* SectionTitleAll.swift in Sources */ = {isa = PBXBuildFile; fileRef = 7F8F11942BF4D9F50034A5F2 /* SectionTitleAll.swift */; };
		7F8F11972BF4DC950034A5F2 /* ProductCell.swift in Sources */ = {isa = PBXBuildFile; fileRef = 7F8F11962BF4DC950034A5F2 /* ProductCell.swift */; };
		7F8F11992BF4E2C50034A5F2 /* CategoryCell.swift in Sources */ = {isa = PBXBuildFile; fileRef = 7F8F11982BF4E2C50034A5F2 /* CategoryCell.swift */; };
		7FA8D3DC2C0CC53600BF4C81 /* AccountView.swift in Sources */ = {isa = PBXBuildFile; fileRef = 7FA8D3DB2C0CC53600BF4C81 /* AccountView.swift */; };
		7FA8D3DE2C0CD1DD00BF4C81 /* AccountRow.swift in Sources */ = {isa = PBXBuildFile; fileRef = 7FA8D3DD2C0CD1DD00BF4C81 /* AccountRow.swift */; };
		7FA8D3E02C0CD63500BF4C81 /* DeliveryAddressView.swift in Sources */ = {isa = PBXBuildFile; fileRef = 7FA8D3DF2C0CD63500BF4C81 /* DeliveryAddressView.swift */; };
		7FA8D3E22C0CEAC200BF4C81 /* DeliveryAddressViewModel.swift in Sources */ = {isa = PBXBuildFile; fileRef = 7FA8D3E12C0CEAC200BF4C81 /* DeliveryAddressViewModel.swift */; };
		7FA8D3E42C0CEB3800BF4C81 /* AddressModel.swift in Sources */ = {isa = PBXBuildFile; fileRef = 7FA8D3E32C0CEB3800BF4C81 /* AddressModel.swift */; };
		7FA8D3E62C0DF1F000BF4C81 /* AddDeliveryAddressView.swift in Sources */ = {isa = PBXBuildFile; fileRef = 7FA8D3E52C0DF1F000BF4C81 /* AddDeliveryAddressView.swift */; };
		7FA8D3E82C0F102D00BF4C81 /* PromoCodeViewModel.swift in Sources */ = {isa = PBXBuildFile; fileRef = 7FA8D3E72C0F102D00BF4C81 /* PromoCodeViewModel.swift */; };
		7FA8D3EA2C0F10F600BF4C81 /* PromoCodeModel.swift in Sources */ = {isa = PBXBuildFile; fileRef = 7FA8D3E92C0F10F600BF4C81 /* PromoCodeModel.swift */; };
		7FA8D3EC2C0F13D100BF4C81 /* PromoCodeView.swift in Sources */ = {isa = PBXBuildFile; fileRef = 7FA8D3EB2C0F13D100BF4C81 /* PromoCodeView.swift */; };
		7FB0D4162BF12AF000AB97EF /* Globs.swift in Sources */ = {isa = PBXBuildFile; fileRef = 7FB0D4152BF12AF000AB97EF /* Globs.swift */; };
		7FB0D4192BF1321300AB97EF /* UIKitExtension.swift in Sources */ = {isa = PBXBuildFile; fileRef = 7FB0D4182BF1321300AB97EF /* UIKitExtension.swift */; };
		7FBD53C22BFCBA8E0029575A /* ProductModel.swift in Sources */ = {isa = PBXBuildFile; fileRef = 7FBD53C12BFCBA8E0029575A /* ProductModel.swift */; };
		7FBD53C42BFCCA3A0029575A /* TypeModel.swift in Sources */ = {isa = PBXBuildFile; fileRef = 7FBD53C32BFCCA3A0029575A /* TypeModel.swift */; };
		7FBD53C72BFCD16C0029575A /* SDWebImageSwiftUI in Frameworks */ = {isa = PBXBuildFile; productRef = 7FBD53C62BFCD16C0029575A /* SDWebImageSwiftUI */; };
		7FBF535A2BDA3F8F00CBF65C /* MainViewModel.swift in Sources */ = {isa = PBXBuildFile; fileRef = 7FBF53592BDA3F8F00CBF65C /* MainViewModel.swift */; };
		7FBF535C2BDA41C100CBF65C /* LineTextField.swift in Sources */ = {isa = PBXBuildFile; fileRef = 7FBF535B2BDA41C100CBF65C /* LineTextField.swift */; };
		7FC60B622C07ACD400149FA0 /* CartViewModel.swift in Sources */ = {isa = PBXBuildFile; fileRef = 7FC60B612C07ACD400149FA0 /* CartViewModel.swift */; };
		7FC60B642C07AE2200149FA0 /* CartItemModel.swift in Sources */ = {isa = PBXBuildFile; fileRef = 7FC60B632C07AE2200149FA0 /* CartItemModel.swift */; };
		7FC60B672C07B48D00149FA0 /* MyCartView.swift in Sources */ = {isa = PBXBuildFile; fileRef = 7FC60B662C07B48D00149FA0 /* MyCartView.swift */; };
		7FC60B692C07B60500149FA0 /* CartItemRow.swift in Sources */ = {isa = PBXBuildFile; fileRef = 7FC60B682C07B60500149FA0 /* CartItemRow.swift */; };
		7FC7F9BA2BF204BE00682876 /* SignUpView.swift in Sources */ = {isa = PBXBuildFile; fileRef = 7FC7F9B92BF204BE00682876 /* SignUpView.swift */; };
		7FC7F9BC2BF219A300682876 /* UserModel.swift in Sources */ = {isa = PBXBuildFile; fileRef = 7FC7F9BB2BF219A300682876 /* UserModel.swift */; };
		7FC7F9BF2BF2392000682876 /* MainTabView.swift in Sources */ = {isa = PBXBuildFile; fileRef = 7FC7F9BE2BF2392000682876 /* MainTabView.swift */; };
		7FE0AE1B2C037A2F0011F1DC /* ProductDetailView.swift in Sources */ = {isa = PBXBuildFile; fileRef = 7FE0AE1A2C037A2F0011F1DC /* ProductDetailView.swift */; };
		7FE0AE1D2C037C0E0011F1DC /* ProductDetailViewModel.swift in Sources */ = {isa = PBXBuildFile; fileRef = 7FE0AE1C2C037C0E0011F1DC /* ProductDetailViewModel.swift */; };
		7FE0AE1F2C037DC90011F1DC /* NutritionModel.swift in Sources */ = {isa = PBXBuildFile; fileRef = 7FE0AE1E2C037DC90011F1DC /* NutritionModel.swift */; };
		7FE0AE212C037ECD0011F1DC /* ImageModel.swift in Sources */ = {isa = PBXBuildFile; fileRef = 7FE0AE202C037ECD0011F1DC /* ImageModel.swift */; };
		7FE4B3212BF383060003F800 /* HomeViewModel.swift in Sources */ = {isa = PBXBuildFile; fileRef = 7FE4B3202BF383060003F800 /* HomeViewModel.swift */; };
		7FE4B3242BF383F10003F800 /* HomeView.swift in Sources */ = {isa = PBXBuildFile; fileRef = 7FE4B3232BF383F10003F800 /* HomeView.swift */; };
		7FE4B3282BF384C10003F800 /* ExploreView.swift in Sources */ = {isa = PBXBuildFile; fileRef = 7FE4B3272BF384C10003F800 /* ExploreView.swift */; };
		7FE5693E2C07198D00B71135 /* FavouriteRow.swift in Sources */ = {isa = PBXBuildFile; fileRef = 7FE5693D2C07198D00B71135 /* FavouriteRow.swift */; };
/* End PBXBuildFile section */

/* Begin PBXContainerItemProxy section */
		7F4ACD5C2BB9FA1700F2D6A3 /* PBXContainerItemProxy */ = {
			isa = PBXContainerItemProxy;
			containerPortal = 7F4ACD432BB9FA1600F2D6A3 /* Project object */;
			proxyType = 1;
			remoteGlobalIDString = 7F4ACD4A2BB9FA1600F2D6A3;
			remoteInfo = GroceriesApp;
		};
		7F4ACD662BB9FA1700F2D6A3 /* PBXContainerItemProxy */ = {
			isa = PBXContainerItemProxy;
			containerPortal = 7F4ACD432BB9FA1600F2D6A3 /* Project object */;
			proxyType = 1;
			remoteGlobalIDString = 7F4ACD4A2BB9FA1600F2D6A3;
			remoteInfo = GroceriesApp;
		};
/* End PBXContainerItemProxy section */

/* Begin PBXFileReference section */
		7F0DBDBF2C0701A400E4E8CF /* FavouriteView.swift */ = {isa = PBXFileReference; lastKnownFileType = sourcecode.swift; path = FavouriteView.swift; sourceTree = "<group>"; };
		7F0DBDC12C07040C00E4E8CF /* FavoutireViewModel.swift */ = {isa = PBXFileReference; lastKnownFileType = sourcecode.swift; path = FavoutireViewModel.swift; sourceTree = "<group>"; };
		7F370F0C2C073D6400180ACC /* ExploreViewModel.swift */ = {isa = PBXFileReference; lastKnownFileType = sourcecode.swift; path = ExploreViewModel.swift; sourceTree = "<group>"; };
		7F370F0E2C073DCC00180ACC /* ExploreCategoryModel.swift */ = {isa = PBXFileReference; lastKnownFileType = sourcecode.swift; path = ExploreCategoryModel.swift; sourceTree = "<group>"; };
		7F370F102C07400B00180ACC /* ExploreCategoryCell.swift */ = {isa = PBXFileReference; lastKnownFileType = sourcecode.swift; path = ExploreCategoryCell.swift; sourceTree = "<group>"; };
		7F370F122C07459900180ACC /* ExploreItemViewModel.swift */ = {isa = PBXFileReference; lastKnownFileType = sourcecode.swift; path = ExploreItemViewModel.swift; sourceTree = "<group>"; };
		7F370F142C0746D500180ACC /* ExploreItemsView.swift */ = {isa = PBXFileReference; lastKnownFileType = sourcecode.swift; path = ExploreItemsView.swift; sourceTree = "<group>"; };
		7F4316962BB9FAC200613C35 /* Gilroy-SemiBold.ttf */ = {isa = PBXFileReference; lastKnownFileType = file; path = "Gilroy-SemiBold.ttf"; sourceTree = "<group>"; };
		7F4316972BB9FAC200613C35 /* Gilroy-Regular.ttf */ = {isa = PBXFileReference; lastKnownFileType = file; path = "Gilroy-Regular.ttf"; sourceTree = "<group>"; };
		7F4316982BB9FAC200613C35 /* Gilroy-Bold.ttf */ = {isa = PBXFileReference; lastKnownFileType = file; path = "Gilroy-Bold.ttf"; sourceTree = "<group>"; };
		7F4316992BB9FAC200613C35 /* Gilroy-Medium.ttf */ = {isa = PBXFileReference; lastKnownFileType = file; path = "Gilroy-Medium.ttf"; sourceTree = "<group>"; };
		7F43169E2BB9FB3000613C35 /* Info.plist */ = {isa = PBXFileReference; lastKnownFileType = text.plist; path = Info.plist; sourceTree = "<group>"; };
		7F4316A02BB9FB8900613C35 /* WelcomeView.swift */ = {isa = PBXFileReference; lastKnownFileType = sourcecode.swift; path = WelcomeView.swift; sourceTree = "<group>"; };
		7F4316A42BB9FC2B00613C35 /* SignInView.swift */ = {isa = PBXFileReference; lastKnownFileType = sourcecode.swift; path = SignInView.swift; sourceTree = "<group>"; };
		7F4316A62BB9FC9000613C35 /* RoundBotton.swift */ = {isa = PBXFileReference; lastKnownFileType = sourcecode.swift; path = RoundBotton.swift; sourceTree = "<group>"; };
		7F4316A82BB9FCD400613C35 /* UIExtension.swift */ = {isa = PBXFileReference; lastKnownFileType = sourcecode.swift; path = UIExtension.swift; sourceTree = "<group>"; };
		7F4316AB2BB9FDC300613C35 /* CountryPickerUI.swift */ = {isa = PBXFileReference; lastKnownFileType = sourcecode.swift; path = CountryPickerUI.swift; sourceTree = "<group>"; };
		7F4316AF2BBA059A00613C35 /* Launch Screen.storyboard */ = {isa = PBXFileReference; lastKnownFileType = file.storyboard; path = "Launch Screen.storyboard"; sourceTree = "<group>"; };
		7F4316B12BBA0E8E00613C35 /* LoginView.swift */ = {isa = PBXFileReference; lastKnownFileType = sourcecode.swift; path = LoginView.swift; sourceTree = "<group>"; };
		7F4ACD4B2BB9FA1600F2D6A3 /* GroceriesApp.app */ = {isa = PBXFileReference; explicitFileType = wrapper.application; includeInIndex = 0; path = GroceriesApp.app; sourceTree = BUILT_PRODUCTS_DIR; };
		7F4ACD4E2BB9FA1600F2D6A3 /* GroceriesAppApp.swift */ = {isa = PBXFileReference; lastKnownFileType = sourcecode.swift; path = GroceriesAppApp.swift; sourceTree = "<group>"; };
		7F4ACD522BB9FA1700F2D6A3 /* Assets.xcassets */ = {isa = PBXFileReference; lastKnownFileType = folder.assetcatalog; path = Assets.xcassets; sourceTree = "<group>"; };
		7F4ACD552BB9FA1700F2D6A3 /* Preview Assets.xcassets */ = {isa = PBXFileReference; lastKnownFileType = folder.assetcatalog; path = "Preview Assets.xcassets"; sourceTree = "<group>"; };
		7F4ACD5B2BB9FA1700F2D6A3 /* GroceriesAppTests.xctest */ = {isa = PBXFileReference; explicitFileType = wrapper.cfbundle; includeInIndex = 0; path = GroceriesAppTests.xctest; sourceTree = BUILT_PRODUCTS_DIR; };
		7F4ACD5F2BB9FA1700F2D6A3 /* GroceriesAppTests.swift */ = {isa = PBXFileReference; lastKnownFileType = sourcecode.swift; path = GroceriesAppTests.swift; sourceTree = "<group>"; };
		7F4ACD652BB9FA1700F2D6A3 /* GroceriesAppUITests.xctest */ = {isa = PBXFileReference; explicitFileType = wrapper.cfbundle; includeInIndex = 0; path = GroceriesAppUITests.xctest; sourceTree = BUILT_PRODUCTS_DIR; };
		7F4ACD692BB9FA1700F2D6A3 /* GroceriesAppUITests.swift */ = {isa = PBXFileReference; lastKnownFileType = sourcecode.swift; path = GroceriesAppUITests.swift; sourceTree = "<group>"; };
		7F4ACD6B2BB9FA1700F2D6A3 /* GroceriesAppUITestsLaunchTests.swift */ = {isa = PBXFileReference; lastKnownFileType = sourcecode.swift; path = GroceriesAppUITestsLaunchTests.swift; sourceTree = "<group>"; };
		7F6D61FE2C0F27BD004D7636 /* PaymentViewModel.swift */ = {isa = PBXFileReference; lastKnownFileType = sourcecode.swift; path = PaymentViewModel.swift; sourceTree = "<group>"; };
		7F6D62002C0F27CF004D7636 /* PaymentModel.swift */ = {isa = PBXFileReference; lastKnownFileType = sourcecode.swift; path = PaymentModel.swift; sourceTree = "<group>"; };
		7F6D62022C0F2B42004D7636 /* PaymentMethodsView.swift */ = {isa = PBXFileReference; lastKnownFileType = sourcecode.swift; path = PaymentMethodsView.swift; sourceTree = "<group>"; };
		7F6D62042C0F3025004D7636 /* AddPaymentMethodView.swift */ = {isa = PBXFileReference; lastKnownFileType = sourcecode.swift; path = AddPaymentMethodView.swift; sourceTree = "<group>"; };
		7F7ABB242BDB9B1B00B18539 /* ServiceCall.swift */ = {isa = PBXFileReference; lastKnownFileType = sourcecode.swift; path = ServiceCall.swift; sourceTree = "<group>"; };
		7F8F11902BF4C7850034A5F2 /* TabButton.swift */ = {isa = PBXFileReference; lastKnownFileType = sourcecode.swift; path = TabButton.swift; sourceTree = "<group>"; };
		7F8F11922BF4CFF90034A5F2 /* SearchTextField.swift */ = {isa = PBXFileReference; lastKnownFileType = sourcecode.swift; path = SearchTextField.swift; sourceTree = "<group>"; };
		7F8F11942BF4D9F50034A5F2 /* SectionTitleAll.swift */ = {isa = PBXFileReference; lastKnownFileType = sourcecode.swift; path = SectionTitleAll.swift; sourceTree = "<group>"; };
		7F8F11962BF4DC950034A5F2 /* ProductCell.swift */ = {isa = PBXFileReference; lastKnownFileType = sourcecode.swift; path = ProductCell.swift; sourceTree = "<group>"; };
		7F8F11982BF4E2C50034A5F2 /* CategoryCell.swift */ = {isa = PBXFileReference; lastKnownFileType = sourcecode.swift; path = CategoryCell.swift; sourceTree = "<group>"; };
		7FA8D3DB2C0CC53600BF4C81 /* AccountView.swift */ = {isa = PBXFileReference; lastKnownFileType = sourcecode.swift; path = AccountView.swift; sourceTree = "<group>"; };
		7FA8D3DD2C0CD1DD00BF4C81 /* AccountRow.swift */ = {isa = PBXFileReference; lastKnownFileType = sourcecode.swift; path = AccountRow.swift; sourceTree = "<group>"; };
		7FA8D3DF2C0CD63500BF4C81 /* DeliveryAddressView.swift */ = {isa = PBXFileReference; lastKnownFileType = sourcecode.swift; path = DeliveryAddressView.swift; sourceTree = "<group>"; };
		7FA8D3E12C0CEAC200BF4C81 /* DeliveryAddressViewModel.swift */ = {isa = PBXFileReference; lastKnownFileType = sourcecode.swift; path = DeliveryAddressViewModel.swift; sourceTree = "<group>"; };
		7FA8D3E32C0CEB3800BF4C81 /* AddressModel.swift */ = {isa = PBXFileReference; lastKnownFileType = sourcecode.swift; path = AddressModel.swift; sourceTree = "<group>"; };
		7FA8D3E52C0DF1F000BF4C81 /* AddDeliveryAddressView.swift */ = {isa = PBXFileReference; lastKnownFileType = sourcecode.swift; path = AddDeliveryAddressView.swift; sourceTree = "<group>"; };
		7FA8D3E72C0F102D00BF4C81 /* PromoCodeViewModel.swift */ = {isa = PBXFileReference; lastKnownFileType = sourcecode.swift; path = PromoCodeViewModel.swift; sourceTree = "<group>"; };
		7FA8D3E92C0F10F600BF4C81 /* PromoCodeModel.swift */ = {isa = PBXFileReference; lastKnownFileType = sourcecode.swift; path = PromoCodeModel.swift; sourceTree = "<group>"; };
		7FA8D3EB2C0F13D100BF4C81 /* PromoCodeView.swift */ = {isa = PBXFileReference; lastKnownFileType = sourcecode.swift; path = PromoCodeView.swift; sourceTree = "<group>"; };
		7FB0D4152BF12AF000AB97EF /* Globs.swift */ = {isa = PBXFileReference; lastKnownFileType = sourcecode.swift; path = Globs.swift; sourceTree = "<group>"; };
		7FB0D4182BF1321300AB97EF /* UIKitExtension.swift */ = {isa = PBXFileReference; lastKnownFileType = sourcecode.swift; path = UIKitExtension.swift; sourceTree = "<group>"; };
		7FBD53C12BFCBA8E0029575A /* ProductModel.swift */ = {isa = PBXFileReference; lastKnownFileType = sourcecode.swift; path = ProductModel.swift; sourceTree = "<group>"; };
		7FBD53C32BFCCA3A0029575A /* TypeModel.swift */ = {isa = PBXFileReference; lastKnownFileType = sourcecode.swift; path = TypeModel.swift; sourceTree = "<group>"; };
		7FBF53592BDA3F8F00CBF65C /* MainViewModel.swift */ = {isa = PBXFileReference; lastKnownFileType = sourcecode.swift; path = MainViewModel.swift; sourceTree = "<group>"; };
		7FBF535B2BDA41C100CBF65C /* LineTextField.swift */ = {isa = PBXFileReference; lastKnownFileType = sourcecode.swift; path = LineTextField.swift; sourceTree = "<group>"; };
		7FC60B612C07ACD400149FA0 /* CartViewModel.swift */ = {isa = PBXFileReference; lastKnownFileType = sourcecode.swift; path = CartViewModel.swift; sourceTree = "<group>"; };
		7FC60B632C07AE2200149FA0 /* CartItemModel.swift */ = {isa = PBXFileReference; lastKnownFileType = sourcecode.swift; path = CartItemModel.swift; sourceTree = "<group>"; };
		7FC60B662C07B48D00149FA0 /* MyCartView.swift */ = {isa = PBXFileReference; lastKnownFileType = sourcecode.swift; path = MyCartView.swift; sourceTree = "<group>"; };
		7FC60B682C07B60500149FA0 /* CartItemRow.swift */ = {isa = PBXFileReference; lastKnownFileType = sourcecode.swift; path = CartItemRow.swift; sourceTree = "<group>"; };
		7FC7F9B92BF204BE00682876 /* SignUpView.swift */ = {isa = PBXFileReference; lastKnownFileType = sourcecode.swift; path = SignUpView.swift; sourceTree = "<group>"; };
		7FC7F9BB2BF219A300682876 /* UserModel.swift */ = {isa = PBXFileReference; lastKnownFileType = sourcecode.swift; path = UserModel.swift; sourceTree = "<group>"; };
		7FC7F9BE2BF2392000682876 /* MainTabView.swift */ = {isa = PBXFileReference; lastKnownFileType = sourcecode.swift; path = MainTabView.swift; sourceTree = "<group>"; };
		7FE0AE1A2C037A2F0011F1DC /* ProductDetailView.swift */ = {isa = PBXFileReference; lastKnownFileType = sourcecode.swift; path = ProductDetailView.swift; sourceTree = "<group>"; };
		7FE0AE1C2C037C0E0011F1DC /* ProductDetailViewModel.swift */ = {isa = PBXFileReference; lastKnownFileType = sourcecode.swift; path = ProductDetailViewModel.swift; sourceTree = "<group>"; };
		7FE0AE1E2C037DC90011F1DC /* NutritionModel.swift */ = {isa = PBXFileReference; lastKnownFileType = sourcecode.swift; path = NutritionModel.swift; sourceTree = "<group>"; };
		7FE0AE202C037ECD0011F1DC /* ImageModel.swift */ = {isa = PBXFileReference; lastKnownFileType = sourcecode.swift; path = ImageModel.swift; sourceTree = "<group>"; };
		7FE4B3202BF383060003F800 /* HomeViewModel.swift */ = {isa = PBXFileReference; lastKnownFileType = sourcecode.swift; path = HomeViewModel.swift; sourceTree = "<group>"; };
		7FE4B3232BF383F10003F800 /* HomeView.swift */ = {isa = PBXFileReference; lastKnownFileType = sourcecode.swift; path = HomeView.swift; sourceTree = "<group>"; };
		7FE4B3272BF384C10003F800 /* ExploreView.swift */ = {isa = PBXFileReference; lastKnownFileType = sourcecode.swift; path = ExploreView.swift; sourceTree = "<group>"; };
		7FE5693D2C07198D00B71135 /* FavouriteRow.swift */ = {isa = PBXFileReference; lastKnownFileType = sourcecode.swift; path = FavouriteRow.swift; sourceTree = "<group>"; };
/* End PBXFileReference section */

/* Begin PBXFrameworksBuildPhase section */
		7F4ACD482BB9FA1600F2D6A3 /* Frameworks */ = {
			isa = PBXFrameworksBuildPhase;
			buildActionMask = 2147483647;
			files = (
				7FBD53C72BFCD16C0029575A /* SDWebImageSwiftUI in Frameworks */,
				7F6DEEEC2C06F92F0099E3DE /* CountryPicker in Frameworks */,
			);
			runOnlyForDeploymentPostprocessing = 0;
		};
		7F4ACD582BB9FA1700F2D6A3 /* Frameworks */ = {
			isa = PBXFrameworksBuildPhase;
			buildActionMask = 2147483647;
			files = (
			);
			runOnlyForDeploymentPostprocessing = 0;
		};
		7F4ACD622BB9FA1700F2D6A3 /* Frameworks */ = {
			isa = PBXFrameworksBuildPhase;
			buildActionMask = 2147483647;
			files = (
			);
			runOnlyForDeploymentPostprocessing = 0;
		};
/* End PBXFrameworksBuildPhase section */

/* Begin PBXGroup section */
		7F0DBDBE2C07016C00E4E8CF /* Favourite */ = {
			isa = PBXGroup;
			children = (
				7F0DBDBF2C0701A400E4E8CF /* FavouriteView.swift */,
			);
			path = Favourite;
			sourceTree = "<group>";
		};
		7F43169F2BB9FB7800613C35 /* Login */ = {
			isa = PBXGroup;
			children = (
				7F4316A02BB9FB8900613C35 /* WelcomeView.swift */,
				7F4316A42BB9FC2B00613C35 /* SignInView.swift */,
				7F4316B12BBA0E8E00613C35 /* LoginView.swift */,
				7FC7F9B92BF204BE00682876 /* SignUpView.swift */,
			);
			path = Login;
			sourceTree = "<group>";
		};
		7F4ACD422BB9FA1600F2D6A3 = {
			isa = PBXGroup;
			children = (
				7F4ACD4D2BB9FA1600F2D6A3 /* GroceriesApp */,
				7F4ACD5E2BB9FA1700F2D6A3 /* GroceriesAppTests */,
				7F4ACD682BB9FA1700F2D6A3 /* GroceriesAppUITests */,
				7F4ACD4C2BB9FA1600F2D6A3 /* Products */,
			);
			sourceTree = "<group>";
		};
		7F4ACD4C2BB9FA1600F2D6A3 /* Products */ = {
			isa = PBXGroup;
			children = (
				7F4ACD4B2BB9FA1600F2D6A3 /* GroceriesApp.app */,
				7F4ACD5B2BB9FA1700F2D6A3 /* GroceriesAppTests.xctest */,
				7F4ACD652BB9FA1700F2D6A3 /* GroceriesAppUITests.xctest */,
			);
			name = Products;
			sourceTree = "<group>";
		};
		7F4ACD4D2BB9FA1600F2D6A3 /* GroceriesApp */ = {
			isa = PBXGroup;
			children = (
				7FB0D4172BF131BE00AB97EF /* Common */,
				7F43169E2BB9FB3000613C35 /* Info.plist */,
				7F4ACD7C2BB9FA6B00F2D6A3 /* ModelView */,
				7F4ACD7B2BB9FA5F00F2D6A3 /* Model */,
				7F4ACD7A2BB9FA5900F2D6A3 /* View */,
				7F4ACD792BB9FA4B00F2D6A3 /* UICommon */,
				7F4ACD782BB9FA4500F2D6A3 /* Font */,
				7F4ACD4E2BB9FA1600F2D6A3 /* GroceriesAppApp.swift */,
				7F4ACD522BB9FA1700F2D6A3 /* Assets.xcassets */,
				7F4ACD542BB9FA1700F2D6A3 /* Preview Content */,
				7F4316AF2BBA059A00613C35 /* Launch Screen.storyboard */,
			);
			path = GroceriesApp;
			sourceTree = "<group>";
		};
		7F4ACD542BB9FA1700F2D6A3 /* Preview Content */ = {
			isa = PBXGroup;
			children = (
				7F4ACD552BB9FA1700F2D6A3 /* Preview Assets.xcassets */,
			);
			path = "Preview Content";
			sourceTree = "<group>";
		};
		7F4ACD5E2BB9FA1700F2D6A3 /* GroceriesAppTests */ = {
			isa = PBXGroup;
			children = (
				7F4ACD5F2BB9FA1700F2D6A3 /* GroceriesAppTests.swift */,
			);
			path = GroceriesAppTests;
			sourceTree = "<group>";
		};
		7F4ACD682BB9FA1700F2D6A3 /* GroceriesAppUITests */ = {
			isa = PBXGroup;
			children = (
				7F4ACD692BB9FA1700F2D6A3 /* GroceriesAppUITests.swift */,
				7F4ACD6B2BB9FA1700F2D6A3 /* GroceriesAppUITestsLaunchTests.swift */,
			);
			path = GroceriesAppUITests;
			sourceTree = "<group>";
		};
		7F4ACD782BB9FA4500F2D6A3 /* Font */ = {
			isa = PBXGroup;
			children = (
				7F4316982BB9FAC200613C35 /* Gilroy-Bold.ttf */,
				7F4316992BB9FAC200613C35 /* Gilroy-Medium.ttf */,
				7F4316972BB9FAC200613C35 /* Gilroy-Regular.ttf */,
				7F4316962BB9FAC200613C35 /* Gilroy-SemiBold.ttf */,
			);
			path = Font;
			sourceTree = "<group>";
		};
		7F4ACD792BB9FA4B00F2D6A3 /* UICommon */ = {
			isa = PBXGroup;
			children = (
				7F4316A62BB9FC9000613C35 /* RoundBotton.swift */,
				7F4316A82BB9FCD400613C35 /* UIExtension.swift */,
				7F4316AB2BB9FDC300613C35 /* CountryPickerUI.swift */,
				7FBF535B2BDA41C100CBF65C /* LineTextField.swift */,
				7F7ABB242BDB9B1B00B18539 /* ServiceCall.swift */,
				7FB0D4152BF12AF000AB97EF /* Globs.swift */,
				7F8F11902BF4C7850034A5F2 /* TabButton.swift */,
				7F8F11922BF4CFF90034A5F2 /* SearchTextField.swift */,
				7F8F11942BF4D9F50034A5F2 /* SectionTitleAll.swift */,
				7F8F11962BF4DC950034A5F2 /* ProductCell.swift */,
				7F8F11982BF4E2C50034A5F2 /* CategoryCell.swift */,
				7FE5693D2C07198D00B71135 /* FavouriteRow.swift */,
				7F370F102C07400B00180ACC /* ExploreCategoryCell.swift */,
				7FC60B682C07B60500149FA0 /* CartItemRow.swift */,
				7FA8D3DD2C0CD1DD00BF4C81 /* AccountRow.swift */,
			);
			path = UICommon;
			sourceTree = "<group>";
		};
		7F4ACD7A2BB9FA5900F2D6A3 /* View */ = {
			isa = PBXGroup;
			children = (
				7FA8D3DA2C0CC51400BF4C81 /* Account */,
				7FC60B652C07B47500149FA0 /* Cart */,
				7F0DBDBE2C07016C00E4E8CF /* Favourite */,
				7FE4B3252BF384A90003F800 /* Explore */,
				7FE4B3222BF383DA0003F800 /* Home */,
				7FC7F9BD2BF238A500682876 /* MainTab */,
				7F43169F2BB9FB7800613C35 /* Login */,
			);
			path = View;
			sourceTree = "<group>";
		};
		7F4ACD7B2BB9FA5F00F2D6A3 /* Model */ = {
			isa = PBXGroup;
			children = (
				7FC7F9BB2BF219A300682876 /* UserModel.swift */,
				7FBD53C12BFCBA8E0029575A /* ProductModel.swift */,
				7FBD53C32BFCCA3A0029575A /* TypeModel.swift */,
				7FE0AE1E2C037DC90011F1DC /* NutritionModel.swift */,
				7FE0AE202C037ECD0011F1DC /* ImageModel.swift */,
				7F370F0E2C073DCC00180ACC /* ExploreCategoryModel.swift */,
				7FC60B632C07AE2200149FA0 /* CartItemModel.swift */,
				7FA8D3E32C0CEB3800BF4C81 /* AddressModel.swift */,
				7FA8D3E92C0F10F600BF4C81 /* PromoCodeModel.swift */,
				7F6D62002C0F27CF004D7636 /* PaymentModel.swift */,
			);
			path = Model;
			sourceTree = "<group>";
		};
		7F4ACD7C2BB9FA6B00F2D6A3 /* ModelView */ = {
			isa = PBXGroup;
			children = (
				7FBF53592BDA3F8F00CBF65C /* MainViewModel.swift */,
				7FE4B3202BF383060003F800 /* HomeViewModel.swift */,
				7FE0AE1C2C037C0E0011F1DC /* ProductDetailViewModel.swift */,
				7F0DBDC12C07040C00E4E8CF /* FavoutireViewModel.swift */,
				7F370F0C2C073D6400180ACC /* ExploreViewModel.swift */,
				7F370F122C07459900180ACC /* ExploreItemViewModel.swift */,
				7FC60B612C07ACD400149FA0 /* CartViewModel.swift */,
				7FA8D3E12C0CEAC200BF4C81 /* DeliveryAddressViewModel.swift */,
				7FA8D3E72C0F102D00BF4C81 /* PromoCodeViewModel.swift */,
				7F6D61FE2C0F27BD004D7636 /* PaymentViewModel.swift */,
			);
			path = ModelView;
			sourceTree = "<group>";
		};
		7FA8D3DA2C0CC51400BF4C81 /* Account */ = {
			isa = PBXGroup;
			children = (
				7FA8D3DB2C0CC53600BF4C81 /* AccountView.swift */,
				7FA8D3DF2C0CD63500BF4C81 /* DeliveryAddressView.swift */,
				7FA8D3E52C0DF1F000BF4C81 /* AddDeliveryAddressView.swift */,
				7FA8D3EB2C0F13D100BF4C81 /* PromoCodeView.swift */,
				7F6D62022C0F2B42004D7636 /* PaymentMethodsView.swift */,
				7F6D62042C0F3025004D7636 /* AddPaymentMethodView.swift */,
			);
			path = Account;
			sourceTree = "<group>";
		};
		7FB0D4172BF131BE00AB97EF /* Common */ = {
			isa = PBXGroup;
			children = (
				7FB0D4182BF1321300AB97EF /* UIKitExtension.swift */,
			);
			path = Common;
			sourceTree = "<group>";
		};
		7FC60B652C07B47500149FA0 /* Cart */ = {
			isa = PBXGroup;
			children = (
				7FC60B662C07B48D00149FA0 /* MyCartView.swift */,
			);
			path = Cart;
			sourceTree = "<group>";
		};
		7FC7F9BD2BF238A500682876 /* MainTab */ = {
			isa = PBXGroup;
			children = (
				7FC7F9BE2BF2392000682876 /* MainTabView.swift */,
			);
			path = MainTab;
			sourceTree = "<group>";
		};
		7FE4B3222BF383DA0003F800 /* Home */ = {
			isa = PBXGroup;
			children = (
				7FE4B3232BF383F10003F800 /* HomeView.swift */,
				7FE0AE1A2C037A2F0011F1DC /* ProductDetailView.swift */,
			);
			path = Home;
			sourceTree = "<group>";
		};
		7FE4B3252BF384A90003F800 /* Explore */ = {
			isa = PBXGroup;
			children = (
				7FE4B3272BF384C10003F800 /* ExploreView.swift */,
				7F370F142C0746D500180ACC /* ExploreItemsView.swift */,
			);
			path = Explore;
			sourceTree = "<group>";
		};
/* End PBXGroup section */

/* Begin PBXNativeTarget section */
		7F4ACD4A2BB9FA1600F2D6A3 /* GroceriesApp */ = {
			isa = PBXNativeTarget;
			buildConfigurationList = 7F4ACD6F2BB9FA1700F2D6A3 /* Build configuration list for PBXNativeTarget "GroceriesApp" */;
			buildPhases = (
				7F4ACD472BB9FA1600F2D6A3 /* Sources */,
				7F4ACD482BB9FA1600F2D6A3 /* Frameworks */,
				7F4ACD492BB9FA1600F2D6A3 /* Resources */,
			);
			buildRules = (
			);
			dependencies = (
			);
			name = GroceriesApp;
			packageProductDependencies = (
				7FBD53C62BFCD16C0029575A /* SDWebImageSwiftUI */,
				7F6DEEEB2C06F92F0099E3DE /* CountryPicker */,
			);
			productName = GroceriesApp;
			productReference = 7F4ACD4B2BB9FA1600F2D6A3 /* GroceriesApp.app */;
			productType = "com.apple.product-type.application";
		};
		7F4ACD5A2BB9FA1700F2D6A3 /* GroceriesAppTests */ = {
			isa = PBXNativeTarget;
			buildConfigurationList = 7F4ACD722BB9FA1700F2D6A3 /* Build configuration list for PBXNativeTarget "GroceriesAppTests" */;
			buildPhases = (
				7F4ACD572BB9FA1700F2D6A3 /* Sources */,
				7F4ACD582BB9FA1700F2D6A3 /* Frameworks */,
				7F4ACD592BB9FA1700F2D6A3 /* Resources */,
			);
			buildRules = (
			);
			dependencies = (
				7F4ACD5D2BB9FA1700F2D6A3 /* PBXTargetDependency */,
			);
			name = GroceriesAppTests;
			productName = GroceriesAppTests;
			productReference = 7F4ACD5B2BB9FA1700F2D6A3 /* GroceriesAppTests.xctest */;
			productType = "com.apple.product-type.bundle.unit-test";
		};
		7F4ACD642BB9FA1700F2D6A3 /* GroceriesAppUITests */ = {
			isa = PBXNativeTarget;
			buildConfigurationList = 7F4ACD752BB9FA1700F2D6A3 /* Build configuration list for PBXNativeTarget "GroceriesAppUITests" */;
			buildPhases = (
				7F4ACD612BB9FA1700F2D6A3 /* Sources */,
				7F4ACD622BB9FA1700F2D6A3 /* Frameworks */,
				7F4ACD632BB9FA1700F2D6A3 /* Resources */,
			);
			buildRules = (
			);
			dependencies = (
				7F4ACD672BB9FA1700F2D6A3 /* PBXTargetDependency */,
			);
			name = GroceriesAppUITests;
			productName = GroceriesAppUITests;
			productReference = 7F4ACD652BB9FA1700F2D6A3 /* GroceriesAppUITests.xctest */;
			productType = "com.apple.product-type.bundle.ui-testing";
		};
/* End PBXNativeTarget section */

/* Begin PBXProject section */
		7F4ACD432BB9FA1600F2D6A3 /* Project object */ = {
			isa = PBXProject;
			attributes = {
				BuildIndependentTargetsInParallel = 1;
				LastSwiftUpdateCheck = 1530;
				LastUpgradeCheck = 1530;
				TargetAttributes = {
					7F4ACD4A2BB9FA1600F2D6A3 = {
						CreatedOnToolsVersion = 15.3;
					};
					7F4ACD5A2BB9FA1700F2D6A3 = {
						CreatedOnToolsVersion = 15.3;
						TestTargetID = 7F4ACD4A2BB9FA1600F2D6A3;
					};
					7F4ACD642BB9FA1700F2D6A3 = {
						CreatedOnToolsVersion = 15.3;
						TestTargetID = 7F4ACD4A2BB9FA1600F2D6A3;
					};
				};
			};
			buildConfigurationList = 7F4ACD462BB9FA1600F2D6A3 /* Build configuration list for PBXProject "GroceriesApp" */;
			compatibilityVersion = "Xcode 14.0";
			developmentRegion = en;
			hasScannedForEncodings = 0;
			knownRegions = (
				en,
				Base,
			);
			mainGroup = 7F4ACD422BB9FA1600F2D6A3;
			packageReferences = (
				7FBD53C52BFCD16C0029575A /* XCRemoteSwiftPackageReference "SDWebImageSwiftUI" */,
				7F6DEEEA2C06F92F0099E3DE /* XCRemoteSwiftPackageReference "CountryPicker" */,
			);
			productRefGroup = 7F4ACD4C2BB9FA1600F2D6A3 /* Products */;
			projectDirPath = "";
			projectRoot = "";
			targets = (
				7F4ACD4A2BB9FA1600F2D6A3 /* GroceriesApp */,
				7F4ACD5A2BB9FA1700F2D6A3 /* GroceriesAppTests */,
				7F4ACD642BB9FA1700F2D6A3 /* GroceriesAppUITests */,
			);
		};
/* End PBXProject section */

/* Begin PBXResourcesBuildPhase section */
		7F4ACD492BB9FA1600F2D6A3 /* Resources */ = {
			isa = PBXResourcesBuildPhase;
			buildActionMask = 2147483647;
			files = (
				7F4ACD562BB9FA1700F2D6A3 /* Preview Assets.xcassets in Resources */,
				7F43169D2BB9FAC200613C35 /* Gilroy-Medium.ttf in Resources */,
				7F43169A2BB9FAC200613C35 /* Gilroy-SemiBold.ttf in Resources */,
				7F43169C2BB9FAC200613C35 /* Gilroy-Bold.ttf in Resources */,
				7F4ACD532BB9FA1700F2D6A3 /* Assets.xcassets in Resources */,
				7F43169B2BB9FAC200613C35 /* Gilroy-Regular.ttf in Resources */,
				7F4316B02BBA059A00613C35 /* Launch Screen.storyboard in Resources */,
			);
			runOnlyForDeploymentPostprocessing = 0;
		};
		7F4ACD592BB9FA1700F2D6A3 /* Resources */ = {
			isa = PBXResourcesBuildPhase;
			buildActionMask = 2147483647;
			files = (
			);
			runOnlyForDeploymentPostprocessing = 0;
		};
		7F4ACD632BB9FA1700F2D6A3 /* Resources */ = {
			isa = PBXResourcesBuildPhase;
			buildActionMask = 2147483647;
			files = (
			);
			runOnlyForDeploymentPostprocessing = 0;
		};
/* End PBXResourcesBuildPhase section */

/* Begin PBXSourcesBuildPhase section */
		7F4ACD472BB9FA1600F2D6A3 /* Sources */ = {
			isa = PBXSourcesBuildPhase;
			buildActionMask = 2147483647;
			files = (
				7F8F11992BF4E2C50034A5F2 /* CategoryCell.swift in Sources */,
				7F370F112C07400B00180ACC /* ExploreCategoryCell.swift in Sources */,
				7FA8D3E42C0CEB3800BF4C81 /* AddressModel.swift in Sources */,
				7F4316AC2BB9FDC300613C35 /* CountryPickerUI.swift in Sources */,
				7F8F11972BF4DC950034A5F2 /* ProductCell.swift in Sources */,
				7FBF535C2BDA41C100CBF65C /* LineTextField.swift in Sources */,
				7F4316B22BBA0E8E00613C35 /* LoginView.swift in Sources */,
				7FA8D3E82C0F102D00BF4C81 /* PromoCodeViewModel.swift in Sources */,
				7FC60B672C07B48D00149FA0 /* MyCartView.swift in Sources */,
				7FE4B3212BF383060003F800 /* HomeViewModel.swift in Sources */,
				7F370F152C0746D500180ACC /* ExploreItemsView.swift in Sources */,
				7FB0D4162BF12AF000AB97EF /* Globs.swift in Sources */,
				7F370F0F2C073DCC00180ACC /* ExploreCategoryModel.swift in Sources */,
				7FBD53C42BFCCA3A0029575A /* TypeModel.swift in Sources */,
				7FA8D3EA2C0F10F600BF4C81 /* PromoCodeModel.swift in Sources */,
				7FBD53C22BFCBA8E0029575A /* ProductModel.swift in Sources */,
				7FE4B3242BF383F10003F800 /* HomeView.swift in Sources */,
				7FA8D3E22C0CEAC200BF4C81 /* DeliveryAddressViewModel.swift in Sources */,
				7FC60B692C07B60500149FA0 /* CartItemRow.swift in Sources */,
				7F4316A52BB9FC2B00613C35 /* SignInView.swift in Sources */,
				7F6D62052C0F3025004D7636 /* AddPaymentMethodView.swift in Sources */,
				7F4316A12BB9FB8900613C35 /* WelcomeView.swift in Sources */,
				7FB0D4192BF1321300AB97EF /* UIKitExtension.swift in Sources */,
				7FA8D3E62C0DF1F000BF4C81 /* AddDeliveryAddressView.swift in Sources */,
				7FA8D3DC2C0CC53600BF4C81 /* AccountView.swift in Sources */,
				7F4316A72BB9FC9000613C35 /* RoundBotton.swift in Sources */,
				7F0DBDC22C07040C00E4E8CF /* FavoutireViewModel.swift in Sources */,
				7F6D62032C0F2B42004D7636 /* PaymentMethodsView.swift in Sources */,
				7FE4B3282BF384C10003F800 /* ExploreView.swift in Sources */,
				7FC7F9BC2BF219A300682876 /* UserModel.swift in Sources */,
				7F6D62012C0F27CF004D7636 /* PaymentModel.swift in Sources */,
				7F6D61FF2C0F27BD004D7636 /* PaymentViewModel.swift in Sources */,
				7F370F132C07459900180ACC /* ExploreItemViewModel.swift in Sources */,
				7F8F11912BF4C7850034A5F2 /* TabButton.swift in Sources */,
				7FC60B622C07ACD400149FA0 /* CartViewModel.swift in Sources */,
				7FC7F9BA2BF204BE00682876 /* SignUpView.swift in Sources */,
				7F4316A92BB9FCD400613C35 /* UIExtension.swift in Sources */,
				7FA8D3DE2C0CD1DD00BF4C81 /* AccountRow.swift in Sources */,
				7FE0AE212C037ECD0011F1DC /* ImageModel.swift in Sources */,
				7F8F11952BF4D9F50034A5F2 /* SectionTitleAll.swift in Sources */,
				7FE0AE1F2C037DC90011F1DC /* NutritionModel.swift in Sources */,
				7F0DBDC02C0701A400E4E8CF /* FavouriteView.swift in Sources */,
				7F8F11932BF4CFF90034A5F2 /* SearchTextField.swift in Sources */,
				7F7ABB252BDB9B1B00B18539 /* ServiceCall.swift in Sources */,
				7FE5693E2C07198D00B71135 /* FavouriteRow.swift in Sources */,
				7FA8D3EC2C0F13D100BF4C81 /* PromoCodeView.swift in Sources */,
				7FC60B642C07AE2200149FA0 /* CartItemModel.swift in Sources */,
				7F4ACD4F2BB9FA1600F2D6A3 /* GroceriesAppApp.swift in Sources */,
				7FE0AE1B2C037A2F0011F1DC /* ProductDetailView.swift in Sources */,
				7FBF535A2BDA3F8F00CBF65C /* MainViewModel.swift in Sources */,
				7F370F0D2C073D6400180ACC /* ExploreViewModel.swift in Sources */,
				7FA8D3E02C0CD63500BF4C81 /* DeliveryAddressView.swift in Sources */,
				7FC7F9BF2BF2392000682876 /* MainTabView.swift in Sources */,
				7FE0AE1D2C037C0E0011F1DC /* ProductDetailViewModel.swift in Sources */,
			);
			runOnlyForDeploymentPostprocessing = 0;
		};
		7F4ACD572BB9FA1700F2D6A3 /* Sources */ = {
			isa = PBXSourcesBuildPhase;
			buildActionMask = 2147483647;
			files = (
				7F4ACD602BB9FA1700F2D6A3 /* GroceriesAppTests.swift in Sources */,
			);
			runOnlyForDeploymentPostprocessing = 0;
		};
		7F4ACD612BB9FA1700F2D6A3 /* Sources */ = {
			isa = PBXSourcesBuildPhase;
			buildActionMask = 2147483647;
			files = (
				7F4ACD6C2BB9FA1700F2D6A3 /* GroceriesAppUITestsLaunchTests.swift in Sources */,
				7F4ACD6A2BB9FA1700F2D6A3 /* GroceriesAppUITests.swift in Sources */,
			);
			runOnlyForDeploymentPostprocessing = 0;
		};
/* End PBXSourcesBuildPhase section */

/* Begin PBXTargetDependency section */
		7F4ACD5D2BB9FA1700F2D6A3 /* PBXTargetDependency */ = {
			isa = PBXTargetDependency;
			target = 7F4ACD4A2BB9FA1600F2D6A3 /* GroceriesApp */;
			targetProxy = 7F4ACD5C2BB9FA1700F2D6A3 /* PBXContainerItemProxy */;
		};
		7F4ACD672BB9FA1700F2D6A3 /* PBXTargetDependency */ = {
			isa = PBXTargetDependency;
			target = 7F4ACD4A2BB9FA1600F2D6A3 /* GroceriesApp */;
			targetProxy = 7F4ACD662BB9FA1700F2D6A3 /* PBXContainerItemProxy */;
		};
/* End PBXTargetDependency section */

/* Begin XCBuildConfiguration section */
		7F4ACD6D2BB9FA1700F2D6A3 /* Debug */ = {
			isa = XCBuildConfiguration;
			buildSettings = {
				ALWAYS_SEARCH_USER_PATHS = NO;
				ASSETCATALOG_COMPILER_GENERATE_SWIFT_ASSET_SYMBOL_EXTENSIONS = YES;
				CLANG_ANALYZER_NONNULL = YES;
				CLANG_ANALYZER_NUMBER_OBJECT_CONVERSION = YES_AGGRESSIVE;
				CLANG_CXX_LANGUAGE_STANDARD = "gnu++20";
				CLANG_ENABLE_MODULES = YES;
				CLANG_ENABLE_OBJC_ARC = YES;
				CLANG_ENABLE_OBJC_WEAK = YES;
				CLANG_WARN_BLOCK_CAPTURE_AUTORELEASING = YES;
				CLANG_WARN_BOOL_CONVERSION = YES;
				CLANG_WARN_COMMA = YES;
				CLANG_WARN_CONSTANT_CONVERSION = YES;
				CLANG_WARN_DEPRECATED_OBJC_IMPLEMENTATIONS = YES;
				CLANG_WARN_DIRECT_OBJC_ISA_USAGE = YES_ERROR;
				CLANG_WARN_DOCUMENTATION_COMMENTS = YES;
				CLANG_WARN_EMPTY_BODY = YES;
				CLANG_WARN_ENUM_CONVERSION = YES;
				CLANG_WARN_INFINITE_RECURSION = YES;
				CLANG_WARN_INT_CONVERSION = YES;
				CLANG_WARN_NON_LITERAL_NULL_CONVERSION = YES;
				CLANG_WARN_OBJC_IMPLICIT_RETAIN_SELF = YES;
				CLANG_WARN_OBJC_LITERAL_CONVERSION = YES;
				CLANG_WARN_OBJC_ROOT_CLASS = YES_ERROR;
				CLANG_WARN_QUOTED_INCLUDE_IN_FRAMEWORK_HEADER = YES;
				CLANG_WARN_RANGE_LOOP_ANALYSIS = YES;
				CLANG_WARN_STRICT_PROTOTYPES = YES;
				CLANG_WARN_SUSPICIOUS_MOVE = YES;
				CLANG_WARN_UNGUARDED_AVAILABILITY = YES_AGGRESSIVE;
				CLANG_WARN_UNREACHABLE_CODE = YES;
				CLANG_WARN__DUPLICATE_METHOD_MATCH = YES;
				COPY_PHASE_STRIP = NO;
				DEBUG_INFORMATION_FORMAT = dwarf;
				ENABLE_STRICT_OBJC_MSGSEND = YES;
				ENABLE_TESTABILITY = YES;
				ENABLE_USER_SCRIPT_SANDBOXING = YES;
				GCC_C_LANGUAGE_STANDARD = gnu17;
				GCC_DYNAMIC_NO_PIC = NO;
				GCC_NO_COMMON_BLOCKS = YES;
				GCC_OPTIMIZATION_LEVEL = 0;
				GCC_PREPROCESSOR_DEFINITIONS = (
					"DEBUG=1",
					"$(inherited)",
				);
				GCC_WARN_64_TO_32_BIT_CONVERSION = YES;
				GCC_WARN_ABOUT_RETURN_TYPE = YES_ERROR;
				GCC_WARN_UNDECLARED_SELECTOR = YES;
				GCC_WARN_UNINITIALIZED_AUTOS = YES_AGGRESSIVE;
				GCC_WARN_UNUSED_FUNCTION = YES;
				GCC_WARN_UNUSED_VARIABLE = YES;
				IPHONEOS_DEPLOYMENT_TARGET = 17.4;
				LOCALIZATION_PREFERS_STRING_CATALOGS = YES;
				MTL_ENABLE_DEBUG_INFO = INCLUDE_SOURCE;
				MTL_FAST_MATH = YES;
				ONLY_ACTIVE_ARCH = YES;
				SDKROOT = iphoneos;
				SWIFT_ACTIVE_COMPILATION_CONDITIONS = "DEBUG $(inherited)";
				SWIFT_OPTIMIZATION_LEVEL = "-Onone";
			};
			name = Debug;
		};
		7F4ACD6E2BB9FA1700F2D6A3 /* Release */ = {
			isa = XCBuildConfiguration;
			buildSettings = {
				ALWAYS_SEARCH_USER_PATHS = NO;
				ASSETCATALOG_COMPILER_GENERATE_SWIFT_ASSET_SYMBOL_EXTENSIONS = YES;
				CLANG_ANALYZER_NONNULL = YES;
				CLANG_ANALYZER_NUMBER_OBJECT_CONVERSION = YES_AGGRESSIVE;
				CLANG_CXX_LANGUAGE_STANDARD = "gnu++20";
				CLANG_ENABLE_MODULES = YES;
				CLANG_ENABLE_OBJC_ARC = YES;
				CLANG_ENABLE_OBJC_WEAK = YES;
				CLANG_WARN_BLOCK_CAPTURE_AUTORELEASING = YES;
				CLANG_WARN_BOOL_CONVERSION = YES;
				CLANG_WARN_COMMA = YES;
				CLANG_WARN_CONSTANT_CONVERSION = YES;
				CLANG_WARN_DEPRECATED_OBJC_IMPLEMENTATIONS = YES;
				CLANG_WARN_DIRECT_OBJC_ISA_USAGE = YES_ERROR;
				CLANG_WARN_DOCUMENTATION_COMMENTS = YES;
				CLANG_WARN_EMPTY_BODY = YES;
				CLANG_WARN_ENUM_CONVERSION = YES;
				CLANG_WARN_INFINITE_RECURSION = YES;
				CLANG_WARN_INT_CONVERSION = YES;
				CLANG_WARN_NON_LITERAL_NULL_CONVERSION = YES;
				CLANG_WARN_OBJC_IMPLICIT_RETAIN_SELF = YES;
				CLANG_WARN_OBJC_LITERAL_CONVERSION = YES;
				CLANG_WARN_OBJC_ROOT_CLASS = YES_ERROR;
				CLANG_WARN_QUOTED_INCLUDE_IN_FRAMEWORK_HEADER = YES;
				CLANG_WARN_RANGE_LOOP_ANALYSIS = YES;
				CLANG_WARN_STRICT_PROTOTYPES = YES;
				CLANG_WARN_SUSPICIOUS_MOVE = YES;
				CLANG_WARN_UNGUARDED_AVAILABILITY = YES_AGGRESSIVE;
				CLANG_WARN_UNREACHABLE_CODE = YES;
				CLANG_WARN__DUPLICATE_METHOD_MATCH = YES;
				COPY_PHASE_STRIP = NO;
				DEBUG_INFORMATION_FORMAT = "dwarf-with-dsym";
				ENABLE_NS_ASSERTIONS = NO;
				ENABLE_STRICT_OBJC_MSGSEND = YES;
				ENABLE_USER_SCRIPT_SANDBOXING = YES;
				GCC_C_LANGUAGE_STANDARD = gnu17;
				GCC_NO_COMMON_BLOCKS = YES;
				GCC_WARN_64_TO_32_BIT_CONVERSION = YES;
				GCC_WARN_ABOUT_RETURN_TYPE = YES_ERROR;
				GCC_WARN_UNDECLARED_SELECTOR = YES;
				GCC_WARN_UNINITIALIZED_AUTOS = YES_AGGRESSIVE;
				GCC_WARN_UNUSED_FUNCTION = YES;
				GCC_WARN_UNUSED_VARIABLE = YES;
				IPHONEOS_DEPLOYMENT_TARGET = 17.4;
				LOCALIZATION_PREFERS_STRING_CATALOGS = YES;
				MTL_ENABLE_DEBUG_INFO = NO;
				MTL_FAST_MATH = YES;
				SDKROOT = iphoneos;
				SWIFT_COMPILATION_MODE = wholemodule;
				VALIDATE_PRODUCT = YES;
			};
			name = Release;
		};
		7F4ACD702BB9FA1700F2D6A3 /* Debug */ = {
			isa = XCBuildConfiguration;
			buildSettings = {
				ASSETCATALOG_COMPILER_APPICON_NAME = AppIcon;
				ASSETCATALOG_COMPILER_GLOBAL_ACCENT_COLOR_NAME = AccentColor;
				CODE_SIGN_STYLE = Automatic;
				CURRENT_PROJECT_VERSION = 1;
				DEVELOPMENT_ASSET_PATHS = "\"GroceriesApp/Preview Content\"";
				DEVELOPMENT_TEAM = YRDF92NC65;
				ENABLE_PREVIEWS = YES;
				GENERATE_INFOPLIST_FILE = YES;
				INFOPLIST_FILE = GroceriesApp/Info.plist;
				INFOPLIST_KEY_UIApplicationSceneManifest_Generation = YES;
				INFOPLIST_KEY_UIApplicationSupportsIndirectInputEvents = YES;
				INFOPLIST_KEY_UILaunchScreen_Generation = YES;
				INFOPLIST_KEY_UILaunchStoryboardName = "Launch Screen.storyboard";
				INFOPLIST_KEY_UIStatusBarHidden = YES;
				INFOPLIST_KEY_UIStatusBarStyle = "";
				INFOPLIST_KEY_UISupportedInterfaceOrientations = UIInterfaceOrientationPortrait;
				INFOPLIST_KEY_UISupportedInterfaceOrientations_iPad = "UIInterfaceOrientationLandscapeLeft UIInterfaceOrientationLandscapeRight UIInterfaceOrientationPortrait UIInterfaceOrientationPortraitUpsideDown";
				IPHONEOS_DEPLOYMENT_TARGET = 14.0;
				LD_RUNPATH_SEARCH_PATHS = (
					"$(inherited)",
					"@executable_path/Frameworks",
				);
				MARKETING_VERSION = 1.0;
				PRODUCT_BUNDLE_IDENTIFIER = "Farid-Suleymanzade.GroceriesApp";
				PRODUCT_NAME = "$(TARGET_NAME)";
				SUPPORTED_PLATFORMS = "iphoneos iphonesimulator";
				SUPPORTS_MACCATALYST = NO;
				SUPPORTS_MAC_DESIGNED_FOR_IPHONE_IPAD = NO;
				SUPPORTS_XR_DESIGNED_FOR_IPHONE_IPAD = NO;
				SWIFT_EMIT_LOC_STRINGS = YES;
				SWIFT_VERSION = 5.0;
				TARGETED_DEVICE_FAMILY = 1;
			};
			name = Debug;
		};
		7F4ACD712BB9FA1700F2D6A3 /* Release */ = {
			isa = XCBuildConfiguration;
			buildSettings = {
				ASSETCATALOG_COMPILER_APPICON_NAME = AppIcon;
				ASSETCATALOG_COMPILER_GLOBAL_ACCENT_COLOR_NAME = AccentColor;
				CODE_SIGN_STYLE = Automatic;
				CURRENT_PROJECT_VERSION = 1;
				DEVELOPMENT_ASSET_PATHS = "\"GroceriesApp/Preview Content\"";
				DEVELOPMENT_TEAM = YRDF92NC65;
				ENABLE_PREVIEWS = YES;
				GENERATE_INFOPLIST_FILE = YES;
				INFOPLIST_FILE = GroceriesApp/Info.plist;
				INFOPLIST_KEY_UIApplicationSceneManifest_Generation = YES;
				INFOPLIST_KEY_UIApplicationSupportsIndirectInputEvents = YES;
				INFOPLIST_KEY_UILaunchScreen_Generation = YES;
				INFOPLIST_KEY_UILaunchStoryboardName = "Launch Screen.storyboard";
				INFOPLIST_KEY_UIStatusBarHidden = YES;
				INFOPLIST_KEY_UIStatusBarStyle = "";
				INFOPLIST_KEY_UISupportedInterfaceOrientations = UIInterfaceOrientationPortrait;
				INFOPLIST_KEY_UISupportedInterfaceOrientations_iPad = "UIInterfaceOrientationLandscapeLeft UIInterfaceOrientationLandscapeRight UIInterfaceOrientationPortrait UIInterfaceOrientationPortraitUpsideDown";
				IPHONEOS_DEPLOYMENT_TARGET = 14.0;
				LD_RUNPATH_SEARCH_PATHS = (
					"$(inherited)",
					"@executable_path/Frameworks",
				);
				MARKETING_VERSION = 1.0;
				PRODUCT_BUNDLE_IDENTIFIER = "Farid-Suleymanzade.GroceriesApp";
				PRODUCT_NAME = "$(TARGET_NAME)";
				SUPPORTED_PLATFORMS = "iphoneos iphonesimulator";
				SUPPORTS_MACCATALYST = NO;
				SUPPORTS_MAC_DESIGNED_FOR_IPHONE_IPAD = NO;
				SUPPORTS_XR_DESIGNED_FOR_IPHONE_IPAD = NO;
				SWIFT_EMIT_LOC_STRINGS = YES;
				SWIFT_VERSION = 5.0;
				TARGETED_DEVICE_FAMILY = 1;
			};
			name = Release;
		};
		7F4ACD732BB9FA1700F2D6A3 /* Debug */ = {
			isa = XCBuildConfiguration;
			buildSettings = {
				ALWAYS_EMBED_SWIFT_STANDARD_LIBRARIES = YES;
				BUNDLE_LOADER = "$(TEST_HOST)";
				CODE_SIGN_STYLE = Automatic;
				CURRENT_PROJECT_VERSION = 1;
				DEVELOPMENT_TEAM = YRDF92NC65;
				GENERATE_INFOPLIST_FILE = YES;
				IPHONEOS_DEPLOYMENT_TARGET = 17.4;
				MARKETING_VERSION = 1.0;
				PRODUCT_BUNDLE_IDENTIFIER = "Farid-Suleymanzade.GroceriesAppTests";
				PRODUCT_NAME = "$(TARGET_NAME)";
				SWIFT_EMIT_LOC_STRINGS = NO;
				SWIFT_VERSION = 5.0;
				TARGETED_DEVICE_FAMILY = "1,2";
				TEST_HOST = "$(BUILT_PRODUCTS_DIR)/GroceriesApp.app/$(BUNDLE_EXECUTABLE_FOLDER_PATH)/GroceriesApp";
			};
			name = Debug;
		};
		7F4ACD742BB9FA1700F2D6A3 /* Release */ = {
			isa = XCBuildConfiguration;
			buildSettings = {
				ALWAYS_EMBED_SWIFT_STANDARD_LIBRARIES = YES;
				BUNDLE_LOADER = "$(TEST_HOST)";
				CODE_SIGN_STYLE = Automatic;
				CURRENT_PROJECT_VERSION = 1;
				DEVELOPMENT_TEAM = YRDF92NC65;
				GENERATE_INFOPLIST_FILE = YES;
				IPHONEOS_DEPLOYMENT_TARGET = 17.4;
				MARKETING_VERSION = 1.0;
				PRODUCT_BUNDLE_IDENTIFIER = "Farid-Suleymanzade.GroceriesAppTests";
				PRODUCT_NAME = "$(TARGET_NAME)";
				SWIFT_EMIT_LOC_STRINGS = NO;
				SWIFT_VERSION = 5.0;
				TARGETED_DEVICE_FAMILY = "1,2";
				TEST_HOST = "$(BUILT_PRODUCTS_DIR)/GroceriesApp.app/$(BUNDLE_EXECUTABLE_FOLDER_PATH)/GroceriesApp";
			};
			name = Release;
		};
		7F4ACD762BB9FA1700F2D6A3 /* Debug */ = {
			isa = XCBuildConfiguration;
			buildSettings = {
				ALWAYS_EMBED_SWIFT_STANDARD_LIBRARIES = YES;
				CODE_SIGN_STYLE = Automatic;
				CURRENT_PROJECT_VERSION = 1;
				DEVELOPMENT_TEAM = YRDF92NC65;
				GENERATE_INFOPLIST_FILE = YES;
				MARKETING_VERSION = 1.0;
				PRODUCT_BUNDLE_IDENTIFIER = "Farid-Suleymanzade.GroceriesAppUITests";
				PRODUCT_NAME = "$(TARGET_NAME)";
				SWIFT_EMIT_LOC_STRINGS = NO;
				SWIFT_VERSION = 5.0;
				TARGETED_DEVICE_FAMILY = "1,2";
				TEST_TARGET_NAME = GroceriesApp;
			};
			name = Debug;
		};
		7F4ACD772BB9FA1700F2D6A3 /* Release */ = {
			isa = XCBuildConfiguration;
			buildSettings = {
				ALWAYS_EMBED_SWIFT_STANDARD_LIBRARIES = YES;
				CODE_SIGN_STYLE = Automatic;
				CURRENT_PROJECT_VERSION = 1;
				DEVELOPMENT_TEAM = YRDF92NC65;
				GENERATE_INFOPLIST_FILE = YES;
				MARKETING_VERSION = 1.0;
				PRODUCT_BUNDLE_IDENTIFIER = "Farid-Suleymanzade.GroceriesAppUITests";
				PRODUCT_NAME = "$(TARGET_NAME)";
				SWIFT_EMIT_LOC_STRINGS = NO;
				SWIFT_VERSION = 5.0;
				TARGETED_DEVICE_FAMILY = "1,2";
				TEST_TARGET_NAME = GroceriesApp;
			};
			name = Release;
		};
/* End XCBuildConfiguration section */

/* Begin XCConfigurationList section */
		7F4ACD462BB9FA1600F2D6A3 /* Build configuration list for PBXProject "GroceriesApp" */ = {
			isa = XCConfigurationList;
			buildConfigurations = (
				7F4ACD6D2BB9FA1700F2D6A3 /* Debug */,
				7F4ACD6E2BB9FA1700F2D6A3 /* Release */,
			);
			defaultConfigurationIsVisible = 0;
			defaultConfigurationName = Release;
		};
		7F4ACD6F2BB9FA1700F2D6A3 /* Build configuration list for PBXNativeTarget "GroceriesApp" */ = {
			isa = XCConfigurationList;
			buildConfigurations = (
				7F4ACD702BB9FA1700F2D6A3 /* Debug */,
				7F4ACD712BB9FA1700F2D6A3 /* Release */,
			);
			defaultConfigurationIsVisible = 0;
			defaultConfigurationName = Release;
		};
		7F4ACD722BB9FA1700F2D6A3 /* Build configuration list for PBXNativeTarget "GroceriesAppTests" */ = {
			isa = XCConfigurationList;
			buildConfigurations = (
				7F4ACD732BB9FA1700F2D6A3 /* Debug */,
				7F4ACD742BB9FA1700F2D6A3 /* Release */,
			);
			defaultConfigurationIsVisible = 0;
			defaultConfigurationName = Release;
		};
		7F4ACD752BB9FA1700F2D6A3 /* Build configuration list for PBXNativeTarget "GroceriesAppUITests" */ = {
			isa = XCConfigurationList;
			buildConfigurations = (
				7F4ACD762BB9FA1700F2D6A3 /* Debug */,
				7F4ACD772BB9FA1700F2D6A3 /* Release */,
			);
			defaultConfigurationIsVisible = 0;
			defaultConfigurationName = Release;
		};
/* End XCConfigurationList section */

/* Begin XCRemoteSwiftPackageReference section */
		7F6DEEEA2C06F92F0099E3DE /* XCRemoteSwiftPackageReference "CountryPicker" */ = {
			isa = XCRemoteSwiftPackageReference;
			repositoryURL = "https://github.com/mobven/CountryPicker.git";
			requirement = {
				kind = versionRange;
				maximumVersion = 1.0.9;
				minimumVersion = 1.0.0;
			};
		};
		7FBD53C52BFCD16C0029575A /* XCRemoteSwiftPackageReference "SDWebImageSwiftUI" */ = {
			isa = XCRemoteSwiftPackageReference;
			repositoryURL = "https://github.com/SDWebImage/SDWebImageSwiftUI.git";
			requirement = {
				kind = upToNextMajorVersion;
				minimumVersion = 3.0.4;
			};
		};
/* End XCRemoteSwiftPackageReference section */

/* Begin XCSwiftPackageProductDependency section */
		7F6DEEEB2C06F92F0099E3DE /* CountryPicker */ = {
			isa = XCSwiftPackageProductDependency;
			package = 7F6DEEEA2C06F92F0099E3DE /* XCRemoteSwiftPackageReference "CountryPicker" */;
			productName = CountryPicker;
		};
		7FBD53C62BFCD16C0029575A /* SDWebImageSwiftUI */ = {
			isa = XCSwiftPackageProductDependency;
			package = 7FBD53C52BFCD16C0029575A /* XCRemoteSwiftPackageReference "SDWebImageSwiftUI" */;
			productName = SDWebImageSwiftUI;
		};
/* End XCSwiftPackageProductDependency section */
	};
	rootObject = 7F4ACD432BB9FA1600F2D6A3 /* Project object */;
}
