{
  "originHash" : "80545e565aa54477b51a7458740cf5b1bff90b081928e0d8325971a9a63e634e",
  "pins" : [
    {
      "identity" : "countrypicker",
      "kind" : "remoteSourceControl",
      "location" : "https://github.com/mobven/CountryPicker.git",
      "state" : {
        "revision" : "3632e53eb077a29e2b6418a5d74bad13ce439e38",
        "version" : "1.0.7"
      }
    },
    {
      "identity" : "sdwebimage",
      "kind" : "remoteSourceControl",
      "location" : "https://github.com/SDWebImage/SDWebImage.git",
      "state" : {
        "revision" : "5642d1ffe3dbe628592443bd14154e31929727b4",
        "version" : "5.19.2"
      }
    },
    {
      "identity" : "sdwebimageswiftui",
      "kind" : "remoteSourceControl",
      "location" : "https://github.com/SDWebImage/SDWebImageSwiftUI.git",
      "state" : {
        "revision" : "b7af5e6bd9c2987e41730400d1baad13d74a141a",
        "version" : "3.0.4"
      }
    }
  ],
  "version" : 3
}
